{
  "pins" : [
    {
      "identity" : "bluesocket",
      "kind" : "remoteSourceControl",
      "location" : "https://github.com/IBM-Swift/BlueSocket.git",
      "state" : {
        "revision" : "7b23a867008e0027bfd6f4d398d44720707bc8ca",
        "version" : "2.0.4"
      }
    },
    {
      "identity" : "bluesslservice",
      "kind" : "remoteSourceControl",
      "location" : "https://github.com/IBM-Swift/BlueSSLService.git",
      "state" : {
        "revision" : "b27a94d063962dfa1bba9f79814c4ef202cf33a4",
        "version" : "2.0.2"
      }
    },
    {
      "identity" : "fileprovider",
      "kind" : "remoteSourceControl",
      "location" : "https://github.com/amosavian/FileProvider.git",
      "state" : {
        "revision" : "abf68a62541a4193c8d106367ddb3648e8ab693f",
        "version" : "0.26.0"
      }
    }
  ],
  "version" : 2
}
